
Microsoft Visual Studio Solution File, Format Version 12.00
# Visual Studio Version 17
VisualStudioVersion = 17.5.33414.496
MinimumVisualStudioVersion = 10.0.40219.1
Project("{9A19103F-16F7-4668-BE54-9A1E7A4F7556}") = "ContactManager", "ContactManager.csproj", "{7D9B511D-28CD-4CD6-B12C-373FF5EDE2D2}"
EndProject
Global
	GlobalSection(SolutionConfigurationPlatforms) = preSolution
		Debug|Any CPU = Debug|Any CPU
		Release|Any CPU = Release|Any CPU
	EndGlobalSection
	GlobalSection(ProjectConfigurationPlatforms) = postSolution
		{7D9B511D-28CD-4CD6-B12C-373FF5EDE2D2}.Debug|Any CPU.ActiveCfg = Debug|Any CPU
		{7D9B511D-28CD-4CD6-B12C-373FF5EDE2D2}.Debug|Any CPU.Build.0 = Debug|Any CPU
		{7D9B511D-28CD-4CD6-B12C-373FF5EDE2D2}.Release|Any CPU.ActiveCfg = Release|Any CPU
		{7D9B511D-28CD-4CD6-B12C-373FF5EDE2D2}.Release|Any CPU.Build.0 = Release|Any CPU
	EndGlobalSection
	GlobalSection(SolutionProperties) = preSolution
		HideSolutionNode = FALSE
	EndGlobalSection
	GlobalSection(ExtensibilityGlobals) = postSolution
		SolutionGuid = {A7EF7883-5EEE-4B36-B7B6-52F07AF63A09}
	EndGlobalSection
EndGlobal
